
Microsoft Visual Studio Solution File, Format Version 12.00
# Visual Studio Version 16
VisualStudioVersion = 16.0.31129.286
MinimumVisualStudioVersion = 10.0.40219.1
Project("{FAE04EC0-301F-11D3-BF4B-00C04F79EFBC}") = "Crypter", "Crypter.csproj", "{3FC34E6A-F5B5-430A-ADD4-059643564A12}"
EndProject
Global
	GlobalSection(SolutionConfigurationPlatforms) = preSolution
		Debug|Any CPU = Debug|Any CPU
		Release|Any CPU = Release|Any CPU
	EndGlobalSection
	GlobalSection(ProjectConfigurationPlatforms) = postSolution
		{3FC34E6A-F5B5-430A-ADD4-059643564A12}.Debug|Any CPU.ActiveCfg = Debug|Any CPU
		{3FC34E6A-F5B5-430A-ADD4-059643564A12}.Debug|Any CPU.Build.0 = Debug|Any CPU
		{3FC34E6A-F5B5-430A-ADD4-059643564A12}.Release|Any CPU.ActiveCfg = Release|Any CPU
		{3FC34E6A-F5B5-430A-ADD4-059643564A12}.Release|Any CPU.Build.0 = Release|Any CPU
	EndGlobalSection
	GlobalSection(SolutionProperties) = preSolution
		HideSolutionNode = FALSE
	EndGlobalSection
	GlobalSection(ExtensibilityGlobals) = postSolution
		SolutionGuid = {706CE8E1-3C1D-40E5-B34D-49E1B18981D1}
	EndGlobalSection
EndGlobal
