Microsoft Visual Studio Solution File, Format Version 12.00
# Visual Studio Version 16
VisualStudioVersion = 16.0.31129.286
MinimumVisualStudioVersion = 10.0.40219.1
Project("{9A19103F-16F7-4668-BE54-9A1E7A4F7556}") = "Crypter.API", "Crypter.API\Crypter.API.csproj", "{F9208A53-1847-4B7E-A867-C5D17F52410C}"
EndProject
Project("{9A19103F-16F7-4668-BE54-9A1E7A4F7556}") = "Crypter.CryptoLib", "Crypter.CryptoLib\Crypter.CryptoLib.csproj", "{EB459FFC-205F-48DF-A3C1-31916BFED392}"
EndProject
Project("{9A19103F-16F7-4668-BE54-9A1E7A4F7556}") = "Crypter.Web", "Crypter.Web\Crypter.Web.csproj", "{4CF78490-FDFA-47EE-A1BE-7AE5534ECFAF}"
EndProject
Project("{9A19103F-16F7-4668-BE54-9A1E7A4F7556}") = "Crypter.Contracts", "Crypter.Contracts\Crypter.Contracts.csproj", "{5353DB18-12CA-46EF-96CD-A4CFFAA76EBA}"
EndProject
Project("{FAE04EC0-301F-11D3-BF4B-00C04F79EFBC}") = "Crypter.DataAccess", "Crypter.DataAccess\Crypter.DataAccess.csproj", "{AADAAA51-95F2-4071-B211-A262A9C52D66}"
EndProject
Project("{9344BDBB-3E7F-41FC-A0DD-8665D75EE146}") = "Crypter.Test", "Crypter.Test\Crypter.Test.csproj", "{547E53EE-56B7-4DDD-B949-66165351ED71}"
EndProject
Project("{FAE04EC0-301F-11D3-BF4B-00C04F79EFBC}") = "Crypter.Tasks", "Crypter.Tasks\Crypter.Tasks.csproj", "{4150E7F5-124D-4151-8977-2F86F829DAB3}"
EndProject
Global
	GlobalSection(SolutionConfigurationPlatforms) = preSolution
		Debug|Any CPU = Debug|Any CPU
		Release|Any CPU = Release|Any CPU
	EndGlobalSection
	GlobalSection(ProjectConfigurationPlatforms) = postSolution
		{F9208A53-1847-4B7E-A867-C5D17F52410C}.Debug|Any CPU.ActiveCfg = Debug|Any CPU
		{F9208A53-1847-4B7E-A867-C5D17F52410C}.Debug|Any CPU.Build.0 = Debug|Any CPU
		{F9208A53-1847-4B7E-A867-C5D17F52410C}.Release|Any CPU.ActiveCfg = Release|Any CPU
		{F9208A53-1847-4B7E-A867-C5D17F52410C}.Release|Any CPU.Build.0 = Release|Any CPU
		{EB459FFC-205F-48DF-A3C1-31916BFED392}.Debug|Any CPU.ActiveCfg = Debug|Any CPU
		{EB459FFC-205F-48DF-A3C1-31916BFED392}.Debug|Any CPU.Build.0 = Debug|Any CPU
		{EB459FFC-205F-48DF-A3C1-31916BFED392}.Release|Any CPU.ActiveCfg = Release|Any CPU
		{EB459FFC-205F-48DF-A3C1-31916BFED392}.Release|Any CPU.Build.0 = Release|Any CPU
		{4CF78490-FDFA-47EE-A1BE-7AE5534ECFAF}.Debug|Any CPU.ActiveCfg = Debug|Any CPU
		{4CF78490-FDFA-47EE-A1BE-7AE5534ECFAF}.Debug|Any CPU.Build.0 = Debug|Any CPU
		{4CF78490-FDFA-47EE-A1BE-7AE5534ECFAF}.Release|Any CPU.ActiveCfg = Release|Any CPU
		{4CF78490-FDFA-47EE-A1BE-7AE5534ECFAF}.Release|Any CPU.Build.0 = Release|Any CPU
		{5353DB18-12CA-46EF-96CD-A4CFFAA76EBA}.Debug|Any CPU.ActiveCfg = Debug|Any CPU
		{5353DB18-12CA-46EF-96CD-A4CFFAA76EBA}.Debug|Any CPU.Build.0 = Debug|Any CPU
		{5353DB18-12CA-46EF-96CD-A4CFFAA76EBA}.Release|Any CPU.ActiveCfg = Release|Any CPU
		{5353DB18-12CA-46EF-96CD-A4CFFAA76EBA}.Release|Any CPU.Build.0 = Release|Any CPU
		{AADAAA51-95F2-4071-B211-A262A9C52D66}.Debug|Any CPU.ActiveCfg = Debug|Any CPU
		{AADAAA51-95F2-4071-B211-A262A9C52D66}.Debug|Any CPU.Build.0 = Debug|Any CPU
		{AADAAA51-95F2-4071-B211-A262A9C52D66}.Release|Any CPU.ActiveCfg = Release|Any CPU
		{AADAAA51-95F2-4071-B211-A262A9C52D66}.Release|Any CPU.Build.0 = Release|Any CPU
		{547E53EE-56B7-4DDD-B949-66165351ED71}.Debug|Any CPU.ActiveCfg = Debug|Any CPU
		{547E53EE-56B7-4DDD-B949-66165351ED71}.Debug|Any CPU.Build.0 = Debug|Any CPU
		{547E53EE-56B7-4DDD-B949-66165351ED71}.Release|Any CPU.ActiveCfg = Release|Any CPU
		{547E53EE-56B7-4DDD-B949-66165351ED71}.Release|Any CPU.Build.0 = Release|Any CPU
		{4150E7F5-124D-4151-8977-2F86F829DAB3}.Debug|Any CPU.ActiveCfg = Debug|Any CPU
		{4150E7F5-124D-4151-8977-2F86F829DAB3}.Debug|Any CPU.Build.0 = Debug|Any CPU
		{4150E7F5-124D-4151-8977-2F86F829DAB3}.Release|Any CPU.ActiveCfg = Release|Any CPU
		{4150E7F5-124D-4151-8977-2F86F829DAB3}.Release|Any CPU.Build.0 = Release|Any CPU
	EndGlobalSection
	GlobalSection(SolutionProperties) = preSolution
		HideSolutionNode = FALSE
	EndGlobalSection
	GlobalSection(ExtensibilityGlobals) = postSolution
		SolutionGuid = {706CE8E1-3C1D-40E5-B34D-49E1B18981D1}
	EndGlobalSection
EndGlobal
