Microsoft Visual Studio Solution File, Format Version 12.00
# Visual Studio Version 17
VisualStudioVersion = 17.0.31919.166
MinimumVisualStudioVersion = 10.0.40219.1
Project("{9A19103F-16F7-4668-BE54-9A1E7A4F7556}") = "Crypter.API", "Crypter.API\Crypter.API.csproj", "{F9208A53-1847-4B7E-A867-C5D17F52410C}"
EndProject
Project("{9A19103F-16F7-4668-BE54-9A1E7A4F7556}") = "Crypter.Web", "Crypter.Web\Crypter.Web.csproj", "{4CF78490-FDFA-47EE-A1BE-7AE5534ECFAF}"
EndProject
Project("{9A19103F-16F7-4668-BE54-9A1E7A4F7556}") = "Crypter.Contracts", "Crypter.Contracts\Crypter.Contracts.csproj", "{5353DB18-12CA-46EF-96CD-A4CFFAA76EBA}"
EndProject
Project("{9A19103F-16F7-4668-BE54-9A1E7A4F7556}") = "Crypter.Core", "Crypter.Core\Crypter.Core.csproj", "{AB46BF28-CCD0-4D85-9769-405A9FD87C3E}"
EndProject
Project("{9A19103F-16F7-4668-BE54-9A1E7A4F7556}") = "Crypter.Test", "Crypter.Test\Crypter.Test.csproj", "{29F529FE-52A2-43C8-BC5D-A0F7DD3CC99A}"
EndProject
Project("{9A19103F-16F7-4668-BE54-9A1E7A4F7556}") = "Crypter.Common", "Crypter.Common\Crypter.Common.csproj", "{BB1D0B65-34E4-4B9B-9752-CA2F6BEE9F6A}"
EndProject
Project("{9A19103F-16F7-4668-BE54-9A1E7A4F7556}") = "Crypter.ClientServices", "Crypter.ClientServices\Crypter.ClientServices.csproj", "{D5A29A8E-462D-4FA3-A6BE-CCFA7703BDDE}"
EndProject
Project("{2150E333-8FDC-42A3-9474-1A3956D46DE8}") = "Solution Items", "Solution Items", "{9485ACA9-CF19-4D8A-B0AE-E6D432FCA066}"
	ProjectSection(SolutionItems) = preProject
		.editorconfig = .editorconfig
	EndProjectSection
EndProject
Project("{9A19103F-16F7-4668-BE54-9A1E7A4F7556}") = "Crypter.Benchmarks", "Crypter.Benchmarks\Crypter.Benchmarks.csproj", "{09A63633-D116-4C7A-A862-F7E3F4644600}"
EndProject
Project("{FAE04EC0-301F-11D3-BF4B-00C04F79EFBC}") = "Crypter.CryptoLib", "Crypter.CryptoLib\Crypter.CryptoLib.csproj", "{243911C5-30A8-4EDB-A447-C7C693217508}"
EndProject
Global
	GlobalSection(SolutionConfigurationPlatforms) = preSolution
		Debug|Any CPU = Debug|Any CPU
		Release|Any CPU = Release|Any CPU
	EndGlobalSection
	GlobalSection(ProjectConfigurationPlatforms) = postSolution
		{F9208A53-1847-4B7E-A867-C5D17F52410C}.Debug|Any CPU.ActiveCfg = Debug|Any CPU
		{F9208A53-1847-4B7E-A867-C5D17F52410C}.Debug|Any CPU.Build.0 = Debug|Any CPU
		{F9208A53-1847-4B7E-A867-C5D17F52410C}.Release|Any CPU.ActiveCfg = Release|Any CPU
		{F9208A53-1847-4B7E-A867-C5D17F52410C}.Release|Any CPU.Build.0 = Release|Any CPU
		{4CF78490-FDFA-47EE-A1BE-7AE5534ECFAF}.Debug|Any CPU.ActiveCfg = Debug|Any CPU
		{4CF78490-FDFA-47EE-A1BE-7AE5534ECFAF}.Debug|Any CPU.Build.0 = Debug|Any CPU
		{4CF78490-FDFA-47EE-A1BE-7AE5534ECFAF}.Release|Any CPU.ActiveCfg = Release|Any CPU
		{4CF78490-FDFA-47EE-A1BE-7AE5534ECFAF}.Release|Any CPU.Build.0 = Release|Any CPU
		{5353DB18-12CA-46EF-96CD-A4CFFAA76EBA}.Debug|Any CPU.ActiveCfg = Debug|Any CPU
		{5353DB18-12CA-46EF-96CD-A4CFFAA76EBA}.Debug|Any CPU.Build.0 = Debug|Any CPU
		{5353DB18-12CA-46EF-96CD-A4CFFAA76EBA}.Release|Any CPU.ActiveCfg = Release|Any CPU
		{5353DB18-12CA-46EF-96CD-A4CFFAA76EBA}.Release|Any CPU.Build.0 = Release|Any CPU
		{AB46BF28-CCD0-4D85-9769-405A9FD87C3E}.Debug|Any CPU.ActiveCfg = Debug|Any CPU
		{AB46BF28-CCD0-4D85-9769-405A9FD87C3E}.Debug|Any CPU.Build.0 = Debug|Any CPU
		{AB46BF28-CCD0-4D85-9769-405A9FD87C3E}.Release|Any CPU.ActiveCfg = Release|Any CPU
		{AB46BF28-CCD0-4D85-9769-405A9FD87C3E}.Release|Any CPU.Build.0 = Release|Any CPU
		{29F529FE-52A2-43C8-BC5D-A0F7DD3CC99A}.Debug|Any CPU.ActiveCfg = Debug|Any CPU
		{29F529FE-52A2-43C8-BC5D-A0F7DD3CC99A}.Debug|Any CPU.Build.0 = Debug|Any CPU
		{29F529FE-52A2-43C8-BC5D-A0F7DD3CC99A}.Release|Any CPU.ActiveCfg = Release|Any CPU
		{29F529FE-52A2-43C8-BC5D-A0F7DD3CC99A}.Release|Any CPU.Build.0 = Release|Any CPU
		{BB1D0B65-34E4-4B9B-9752-CA2F6BEE9F6A}.Debug|Any CPU.ActiveCfg = Debug|Any CPU
		{BB1D0B65-34E4-4B9B-9752-CA2F6BEE9F6A}.Debug|Any CPU.Build.0 = Debug|Any CPU
		{BB1D0B65-34E4-4B9B-9752-CA2F6BEE9F6A}.Release|Any CPU.ActiveCfg = Release|Any CPU
		{BB1D0B65-34E4-4B9B-9752-CA2F6BEE9F6A}.Release|Any CPU.Build.0 = Release|Any CPU
		{D5A29A8E-462D-4FA3-A6BE-CCFA7703BDDE}.Debug|Any CPU.ActiveCfg = Debug|Any CPU
		{D5A29A8E-462D-4FA3-A6BE-CCFA7703BDDE}.Debug|Any CPU.Build.0 = Debug|Any CPU
		{D5A29A8E-462D-4FA3-A6BE-CCFA7703BDDE}.Release|Any CPU.ActiveCfg = Release|Any CPU
		{D5A29A8E-462D-4FA3-A6BE-CCFA7703BDDE}.Release|Any CPU.Build.0 = Release|Any CPU
		{09A63633-D116-4C7A-A862-F7E3F4644600}.Debug|Any CPU.ActiveCfg = Debug|Any CPU
		{09A63633-D116-4C7A-A862-F7E3F4644600}.Debug|Any CPU.Build.0 = Debug|Any CPU
		{09A63633-D116-4C7A-A862-F7E3F4644600}.Release|Any CPU.ActiveCfg = Release|Any CPU
		{09A63633-D116-4C7A-A862-F7E3F4644600}.Release|Any CPU.Build.0 = Release|Any CPU
		{243911C5-30A8-4EDB-A447-C7C693217508}.Debug|Any CPU.ActiveCfg = Debug|Any CPU
		{243911C5-30A8-4EDB-A447-C7C693217508}.Debug|Any CPU.Build.0 = Debug|Any CPU
		{243911C5-30A8-4EDB-A447-C7C693217508}.Release|Any CPU.ActiveCfg = Release|Any CPU
		{243911C5-30A8-4EDB-A447-C7C693217508}.Release|Any CPU.Build.0 = Release|Any CPU
	EndGlobalSection
	GlobalSection(SolutionProperties) = preSolution
		HideSolutionNode = FALSE
	EndGlobalSection
	GlobalSection(ExtensibilityGlobals) = postSolution
		SolutionGuid = {706CE8E1-3C1D-40E5-B34D-49E1B18981D1}
	EndGlobalSection
EndGlobal
