
Microsoft Visual Studio Solution File, Format Version 12.00
# Visual Studio Version 16
VisualStudioVersion = 16.0.809.6
MinimumVisualStudioVersion = 10.0.40219.1
Project("{FAE04EC0-301F-11D3-BF4B-00C04F79EFBC}") = "Crypter.API", "Crypter.API.csproj", "{A500617A-9EBD-4856-A2E4-F5D937047532}"
EndProject
Global
	GlobalSection(SolutionConfigurationPlatforms) = preSolution
		Debug|Any CPU = Debug|Any CPU
		Release|Any CPU = Release|Any CPU
	EndGlobalSection
	GlobalSection(ProjectConfigurationPlatforms) = postSolution
		{A500617A-9EBD-4856-A2E4-F5D937047532}.Debug|Any CPU.ActiveCfg = Debug|Any CPU
		{A500617A-9EBD-4856-A2E4-F5D937047532}.Debug|Any CPU.Build.0 = Debug|Any CPU
		{A500617A-9EBD-4856-A2E4-F5D937047532}.Release|Any CPU.ActiveCfg = Release|Any CPU
		{A500617A-9EBD-4856-A2E4-F5D937047532}.Release|Any CPU.Build.0 = Release|Any CPU
	EndGlobalSection
	GlobalSection(SolutionProperties) = preSolution
		HideSolutionNode = FALSE
	EndGlobalSection
	GlobalSection(ExtensibilityGlobals) = postSolution
		SolutionGuid = {5C4FC17C-4D77-4FB3-8687-0B38844D040D}
	EndGlobalSection
EndGlobal
